
Microsoft Visual Studio Solution File, Format Version 12.00
# Visual Studio Version 17
VisualStudioVersion = 17.3.32901.215
MinimumVisualStudioVersion = 10.0.40219.1
Project("{FAE04EC0-301F-11D3-BF4B-00C04F79EFBC}") = "prNavegaciondeFormularios", "prNavegaciondeFormularios\prNavegaciondeFormularios.csproj", "{1EF32563-0183-49B3-89F6-F226E93C20C6}"
EndProject
Global
	GlobalSection(SolutionConfigurationPlatforms) = preSolution
		Debug|Any CPU = Debug|Any CPU
		Release|Any CPU = Release|Any CPU
	EndGlobalSection
	GlobalSection(ProjectConfigurationPlatforms) = postSolution
		{1EF32563-0183-49B3-89F6-F226E93C20C6}.Debug|Any CPU.ActiveCfg = Debug|Any CPU
		{1EF32563-0183-49B3-89F6-F226E93C20C6}.Debug|Any CPU.Build.0 = Debug|Any CPU
		{1EF32563-0183-49B3-89F6-F226E93C20C6}.Release|Any CPU.ActiveCfg = Release|Any CPU
		{1EF32563-0183-49B3-89F6-F226E93C20C6}.Release|Any CPU.Build.0 = Release|Any CPU
	EndGlobalSection
	GlobalSection(SolutionProperties) = preSolution
		HideSolutionNode = FALSE
	EndGlobalSection
	GlobalSection(ExtensibilityGlobals) = postSolution
		SolutionGuid = {0F2F2E40-CA86-4572-87CE-31F8FFA70769}
	EndGlobalSection
EndGlobal
